// !$*UTF8*$!
{
	archiveVersion = 1;
	classes = {
	};
	objectVersion = 77;
	objects = {

/* Begin PBXBuildFile section */
		1AB1EEF72E86D2FE001D11D5 /* VitalSenseWatch Watch App.app in Embed Watch Content */ = {isa = PBXBuildFile; fileRef = 1AB1EED72E86D2FB001D11D5 /* VitalSenseWatch Watch App.app */; settings = {ATTRIBUTES = (RemoveHeadersOnCopy, ); }; };
		1AB1EF162E86D713001D11D5 /* WidgetKit.framework in Frameworks */ = {isa = PBXBuildFile; fileRef = 1AB1EF152E86D713001D11D5 /* WidgetKit.framework */; };
		1AB1EF182E86D713001D11D5 /* SwiftUI.framework in Frameworks */ = {isa = PBXBuildFile; fileRef = 1AB1EF172E86D713001D11D5 /* SwiftUI.framework */; };
		1AB1EF292E86D714001D11D5 /* VitalSenseWidgetsExtension.appex in Embed Foundation Extensions */ = {isa = PBXBuildFile; fileRef = 1AB1EF132E86D713001D11D5 /* VitalSenseWidgetsExtension.appex */; settings = {ATTRIBUTES = (RemoveHeadersOnCopy, ); }; };
/* End PBXBuildFile section */

/* Begin PBXContainerItemProxy section */
		1A8D07802E6497B70024A466 /* PBXContainerItemProxy */ = {
			isa = PBXContainerItemProxy;
			containerPortal = 1A8D076A2E6497B50024A466 /* Project object */;
			proxyType = 1;
			remoteGlobalIDString = 1A8D07712E6497B50024A466;
			remoteInfo = VitalSense;
		};
		1A8D078A2E6497B70024A466 /* PBXContainerItemProxy */ = {
			isa = PBXContainerItemProxy;
			containerPortal = 1A8D076A2E6497B50024A466 /* Project object */;
			proxyType = 1;
			remoteGlobalIDString = 1A8D07712E6497B50024A466;
			remoteInfo = VitalSense;
		};
		1AB1EEE42E86D2FE001D11D5 /* PBXContainerItemProxy */ = {
			isa = PBXContainerItemProxy;
			containerPortal = 1A8D076A2E6497B50024A466 /* Project object */;
			proxyType = 1;
			remoteGlobalIDString = 1AB1EED62E86D2FB001D11D5;
			remoteInfo = "VitalSenseWatch Watch App";
		};
		1AB1EEEE2E86D2FE001D11D5 /* PBXContainerItemProxy */ = {
			isa = PBXContainerItemProxy;
			containerPortal = 1A8D076A2E6497B50024A466 /* Project object */;
			proxyType = 1;
			remoteGlobalIDString = 1AB1EED62E86D2FB001D11D5;
			remoteInfo = "VitalSenseWatch Watch App";
		};
		1AB1EEF52E86D2FE001D11D5 /* PBXContainerItemProxy */ = {
			isa = PBXContainerItemProxy;
			containerPortal = 1A8D076A2E6497B50024A466 /* Project object */;
			proxyType = 1;
			remoteGlobalIDString = 1AB1EED62E86D2FB001D11D5;
			remoteInfo = "VitalSenseWatch Watch App";
		};
		1AB1EF272E86D714001D11D5 /* PBXContainerItemProxy */ = {
			isa = PBXContainerItemProxy;
			containerPortal = 1A8D076A2E6497B50024A466 /* Project object */;
			proxyType = 1;
			remoteGlobalIDString = 1AB1EF122E86D713001D11D5;
			remoteInfo = VitalSenseWidgetsExtension;
		};
/* End PBXContainerItemProxy section */

/* Begin PBXCopyFilesBuildPhase section */
		1AB1EEFB2E86D2FE001D11D5 /* Embed Watch Content */ = {
			isa = PBXCopyFilesBuildPhase;
			buildActionMask = 2147483647;
			dstPath = "$(CONTENTS_FOLDER_PATH)/Watch";
			dstSubfolderSpec = 16;
			files = (
				1AB1EEF72E86D2FE001D11D5 /* VitalSenseWatch Watch App.app in Embed Watch Content */,
			);
			name = "Embed Watch Content";
			runOnlyForDeploymentPostprocessing = 0;
		};
		1AB1EF2E2E86D714001D11D5 /* Embed Foundation Extensions */ = {
			isa = PBXCopyFilesBuildPhase;
			buildActionMask = 2147483647;
			dstPath = "";
			dstSubfolderSpec = 13;
			files = (
				1AB1EF292E86D714001D11D5 /* VitalSenseWidgetsExtension.appex in Embed Foundation Extensions */,
			);
			name = "Embed Foundation Extensions";
			runOnlyForDeploymentPostprocessing = 0;
		};
/* End PBXCopyFilesBuildPhase section */

/* Begin PBXFileReference section */
		1A8D07722E6497B50024A466 /* VitalSense.app */ = {isa = PBXFileReference; explicitFileType = wrapper.application; includeInIndex = 0; path = VitalSense.app; sourceTree = BUILT_PRODUCTS_DIR; };
		1A8D077F2E6497B70024A466 /* VitalSenseTests.xctest */ = {isa = PBXFileReference; explicitFileType = wrapper.cfbundle; includeInIndex = 0; path = VitalSenseTests.xctest; sourceTree = BUILT_PRODUCTS_DIR; };
		1A8D07892E6497B70024A466 /* VitalSenseUITests.xctest */ = {isa = PBXFileReference; explicitFileType = wrapper.cfbundle; includeInIndex = 0; path = VitalSenseUITests.xctest; sourceTree = BUILT_PRODUCTS_DIR; };
		1AB1EED72E86D2FB001D11D5 /* VitalSenseWatch Watch App.app */ = {isa = PBXFileReference; explicitFileType = wrapper.application; includeInIndex = 0; path = "VitalSenseWatch Watch App.app"; sourceTree = BUILT_PRODUCTS_DIR; };
		1AB1EEE32E86D2FD001D11D5 /* VitalSenseWatch Watch AppTests.xctest */ = {isa = PBXFileReference; explicitFileType = wrapper.cfbundle; includeInIndex = 0; path = "VitalSenseWatch Watch AppTests.xctest"; sourceTree = BUILT_PRODUCTS_DIR; };
		1AB1EEED2E86D2FE001D11D5 /* VitalSenseWatch Watch AppUITests.xctest */ = {isa = PBXFileReference; explicitFileType = wrapper.cfbundle; includeInIndex = 0; path = "VitalSenseWatch Watch AppUITests.xctest"; sourceTree = BUILT_PRODUCTS_DIR; };
		1AB1EF132E86D713001D11D5 /* VitalSenseWidgetsExtension.appex */ = {isa = PBXFileReference; explicitFileType = "wrapper.app-extension"; includeInIndex = 0; path = VitalSenseWidgetsExtension.appex; sourceTree = BUILT_PRODUCTS_DIR; };
		1AB1EF152E86D713001D11D5 /* WidgetKit.framework */ = {isa = PBXFileReference; lastKnownFileType = wrapper.framework; name = WidgetKit.framework; path = System/Library/Frameworks/WidgetKit.framework; sourceTree = SDKROOT; };
		1AB1EF172E86D713001D11D5 /* SwiftUI.framework */ = {isa = PBXFileReference; lastKnownFileType = wrapper.framework; name = SwiftUI.framework; path = System/Library/Frameworks/SwiftUI.framework; sourceTree = SDKROOT; };
/* End PBXFileReference section */

/* Begin PBXFileSystemSynchronizedBuildFileExceptionSet section */
		1AB1EF2A2E86D714001D11D5 /* Exceptions for "VitalSenseWidgets" folder in "VitalSenseWidgetsExtension" target */ = {
			isa = PBXFileSystemSynchronizedBuildFileExceptionSet;
			membershipExceptions = (
				Info.plist,
			);
			target = 1AB1EF122E86D713001D11D5 /* VitalSenseWidgetsExtension */;
		};
		1AB1EF372E86DF4D001D11D5 /* Exceptions for "VitalSense" folder in "VitalSense" target */ = {
			isa = PBXFileSystemSynchronizedBuildFileExceptionSet;
			membershipExceptions = (
				Configuration/Development.xcconfig,
				Configuration/Production.xcconfig,
				Configuration/Staging.xcconfig,
			);
			target = 1A8D07712E6497B50024A466 /* VitalSense */;
		};
/* End PBXFileSystemSynchronizedBuildFileExceptionSet section */

/* Begin PBXFileSystemSynchronizedRootGroup section */
		1A8D07742E6497B50024A466 /* VitalSense */ = {
			isa = PBXFileSystemSynchronizedRootGroup;
			exceptions = (
				1AB1EF372E86DF4D001D11D5 /* Exceptions for "VitalSense" folder in "VitalSense" target */,
			);
			path = VitalSense;
			sourceTree = "<group>";
		};
		1A8D07822E6497B70024A466 /* VitalSenseTests */ = {
			isa = PBXFileSystemSynchronizedRootGroup;
			path = VitalSenseTests;
			sourceTree = "<group>";
		};
		1A8D078C2E6497B70024A466 /* VitalSenseUITests */ = {
			isa = PBXFileSystemSynchronizedRootGroup;
			path = VitalSenseUITests;
			sourceTree = "<group>";
		};
		1AB1EED82E86D2FB001D11D5 /* VitalSenseWatch Watch App */ = {
			isa = PBXFileSystemSynchronizedRootGroup;
			path = "VitalSenseWatch Watch App";
			sourceTree = "<group>";
		};
		1AB1EEE62E86D2FE001D11D5 /* VitalSenseWatch Watch AppTests */ = {
			isa = PBXFileSystemSynchronizedRootGroup;
			path = "VitalSenseWatch Watch AppTests";
			sourceTree = "<group>";
		};
		1AB1EEF02E86D2FE001D11D5 /* VitalSenseWatch Watch AppUITests */ = {
			isa = PBXFileSystemSynchronizedRootGroup;
			path = "VitalSenseWatch Watch AppUITests";
			sourceTree = "<group>";
		};
		1AB1EF192E86D713001D11D5 /* VitalSenseWidgets */ = {
			isa = PBXFileSystemSynchronizedRootGroup;
			exceptions = (
				1AB1EF2A2E86D714001D11D5 /* Exceptions for "VitalSenseWidgets" folder in "VitalSenseWidgetsExtension" target */,
			);
			path = VitalSenseWidgets;
			sourceTree = "<group>";
		};
/* End PBXFileSystemSynchronizedRootGroup section */

/* Begin PBXFrameworksBuildPhase section */
		1A8D076F2E6497B50024A466 /* Frameworks */ = {
			isa = PBXFrameworksBuildPhase;
			buildActionMask = 2147483647;
			files = (
			);
			runOnlyForDeploymentPostprocessing = 0;
		};
		1A8D077C2E6497B70024A466 /* Frameworks */ = {
			isa = PBXFrameworksBuildPhase;
			buildActionMask = 2147483647;
			files = (
			);
			runOnlyForDeploymentPostprocessing = 0;
		};
		1A8D07862E6497B70024A466 /* Frameworks */ = {
			isa = PBXFrameworksBuildPhase;
			buildActionMask = 2147483647;
			files = (
			);
			runOnlyForDeploymentPostprocessing = 0;
		};
		1AB1EED42E86D2FB001D11D5 /* Frameworks */ = {
			isa = PBXFrameworksBuildPhase;
			buildActionMask = 2147483647;
			files = (
			);
			runOnlyForDeploymentPostprocessing = 0;
		};
		1AB1EEE02E86D2FD001D11D5 /* Frameworks */ = {
			isa = PBXFrameworksBuildPhase;
			buildActionMask = 2147483647;
			files = (
			);
			runOnlyForDeploymentPostprocessing = 0;
		};
		1AB1EEEA2E86D2FE001D11D5 /* Frameworks */ = {
			isa = PBXFrameworksBuildPhase;
			buildActionMask = 2147483647;
			files = (
			);
			runOnlyForDeploymentPostprocessing = 0;
		};
		1AB1EF102E86D713001D11D5 /* Frameworks */ = {
			isa = PBXFrameworksBuildPhase;
			buildActionMask = 2147483647;
			files = (
				1AB1EF182E86D713001D11D5 /* SwiftUI.framework in Frameworks */,
				1AB1EF162E86D713001D11D5 /* WidgetKit.framework in Frameworks */,
			);
			runOnlyForDeploymentPostprocessing = 0;
		};
/* End PBXFrameworksBuildPhase section */

/* Begin PBXGroup section */
		1A8D07692E6497B50024A466 = {
			isa = PBXGroup;
			children = (
				1A8D07742E6497B50024A466 /* VitalSense */,
				1A8D07822E6497B70024A466 /* VitalSenseTests */,
				1A8D078C2E6497B70024A466 /* VitalSenseUITests */,
				1AB1EED82E86D2FB001D11D5 /* VitalSenseWatch Watch App */,
				1AB1EEE62E86D2FE001D11D5 /* VitalSenseWatch Watch AppTests */,
				1AB1EEF02E86D2FE001D11D5 /* VitalSenseWatch Watch AppUITests */,
				1AB1EF192E86D713001D11D5 /* VitalSenseWidgets */,
				1AB1EF142E86D713001D11D5 /* Frameworks */,
				1A8D07732E6497B50024A466 /* Products */,
			);
			sourceTree = "<group>";
		};
		1A8D07732E6497B50024A466 /* Products */ = {
			isa = PBXGroup;
			children = (
				1A8D07722E6497B50024A466 /* VitalSense.app */,
				1A8D077F2E6497B70024A466 /* VitalSenseTests.xctest */,
				1A8D07892E6497B70024A466 /* VitalSenseUITests.xctest */,
				1AB1EED72E86D2FB001D11D5 /* VitalSenseWatch Watch App.app */,
				1AB1EEE32E86D2FD001D11D5 /* VitalSenseWatch Watch AppTests.xctest */,
				1AB1EEED2E86D2FE001D11D5 /* VitalSenseWatch Watch AppUITests.xctest */,
				1AB1EF132E86D713001D11D5 /* VitalSenseWidgetsExtension.appex */,
			);
			name = Products;
			sourceTree = "<group>";
		};
		1AB1EF142E86D713001D11D5 /* Frameworks */ = {
			isa = PBXGroup;
			children = (
				1AB1EF152E86D713001D11D5 /* WidgetKit.framework */,
				1AB1EF172E86D713001D11D5 /* SwiftUI.framework */,
			);
			name = Frameworks;
			sourceTree = "<group>";
		};
/* End PBXGroup section */

/* Begin PBXNativeTarget section */
		1A8D07712E6497B50024A466 /* VitalSense */ = {
			isa = PBXNativeTarget;
			buildConfigurationList = 1A8D07932E6497B70024A466 /* Build configuration list for PBXNativeTarget "VitalSense" */;
			buildPhases = (
				1A8D076E2E6497B50024A466 /* Sources */,
				1A8D076F2E6497B50024A466 /* Frameworks */,
				1A8D07702E6497B50024A466 /* Resources */,
				1AB1EEFB2E86D2FE001D11D5 /* Embed Watch Content */,
				1AB1EF2E2E86D714001D11D5 /* Embed Foundation Extensions */,
			);
			buildRules = (
			);
			dependencies = (
				1AB1EEF62E86D2FE001D11D5 /* PBXTargetDependency */,
				1AB1EF282E86D714001D11D5 /* PBXTargetDependency */,
			);
			fileSystemSynchronizedGroups = (
				1A8D07742E6497B50024A466 /* VitalSense */,
			);
			name = VitalSense;
			packageProductDependencies = (
			);
			productName = VitalSense;
			productReference = 1A8D07722E6497B50024A466 /* VitalSense.app */;
			productType = "com.apple.product-type.application";
		};
		1A8D077E2E6497B70024A466 /* VitalSenseTests */ = {
			isa = PBXNativeTarget;
			buildConfigurationList = 1A8D07962E6497B70024A466 /* Build configuration list for PBXNativeTarget "VitalSenseTests" */;
			buildPhases = (
				1A8D077B2E6497B70024A466 /* Sources */,
				1A8D077C2E6497B70024A466 /* Frameworks */,
				1A8D077D2E6497B70024A466 /* Resources */,
			);
			buildRules = (
			);
			dependencies = (
				1A8D07812E6497B70024A466 /* PBXTargetDependency */,
			);
			fileSystemSynchronizedGroups = (
				1A8D07822E6497B70024A466 /* VitalSenseTests */,
			);
			name = VitalSenseTests;
			packageProductDependencies = (
			);
			productName = VitalSenseTests;
			productReference = 1A8D077F2E6497B70024A466 /* VitalSenseTests.xctest */;
			productType = "com.apple.product-type.bundle.unit-test";
		};
		1A8D07882E6497B70024A466 /* VitalSenseUITests */ = {
			isa = PBXNativeTarget;
			buildConfigurationList = 1A8D07992E6497B70024A466 /* Build configuration list for PBXNativeTarget "VitalSenseUITests" */;
			buildPhases = (
				1A8D07852E6497B70024A466 /* Sources */,
				1A8D07862E6497B70024A466 /* Frameworks */,
				1A8D07872E6497B70024A466 /* Resources */,
			);
			buildRules = (
			);
			dependencies = (
				1A8D078B2E6497B70024A466 /* PBXTargetDependency */,
			);
			fileSystemSynchronizedGroups = (
				1A8D078C2E6497B70024A466 /* VitalSenseUITests */,
			);
			name = VitalSenseUITests;
			packageProductDependencies = (
			);
			productName = VitalSenseUITests;
			productReference = 1A8D07892E6497B70024A466 /* VitalSenseUITests.xctest */;
			productType = "com.apple.product-type.bundle.ui-testing";
		};
		1AB1EED62E86D2FB001D11D5 /* VitalSenseWatch Watch App */ = {
			isa = PBXNativeTarget;
			buildConfigurationList = 1AB1EEF82E86D2FE001D11D5 /* Build configuration list for PBXNativeTarget "VitalSenseWatch Watch App" */;
			buildPhases = (
				1AB1EED32E86D2FB001D11D5 /* Sources */,
				1AB1EED42E86D2FB001D11D5 /* Frameworks */,
				1AB1EED52E86D2FB001D11D5 /* Resources */,
			);
			buildRules = (
			);
			dependencies = (
			);
			fileSystemSynchronizedGroups = (
				1AB1EED82E86D2FB001D11D5 /* VitalSenseWatch Watch App */,
			);
			name = "VitalSenseWatch Watch App";
			packageProductDependencies = (
			);
			productName = "VitalSenseWatch Watch App";
			productReference = 1AB1EED72E86D2FB001D11D5 /* VitalSenseWatch Watch App.app */;
			productType = "com.apple.product-type.application";
		};
		1AB1EEE22E86D2FD001D11D5 /* VitalSenseWatch Watch AppTests */ = {
			isa = PBXNativeTarget;
			buildConfigurationList = 1AB1EEFC2E86D2FE001D11D5 /* Build configuration list for PBXNativeTarget "VitalSenseWatch Watch AppTests" */;
			buildPhases = (
				1AB1EEDF2E86D2FD001D11D5 /* Sources */,
				1AB1EEE02E86D2FD001D11D5 /* Frameworks */,
				1AB1EEE12E86D2FD001D11D5 /* Resources */,
			);
			buildRules = (
			);
			dependencies = (
				1AB1EEE52E86D2FE001D11D5 /* PBXTargetDependency */,
			);
			fileSystemSynchronizedGroups = (
				1AB1EEE62E86D2FE001D11D5 /* VitalSenseWatch Watch AppTests */,
			);
			name = "VitalSenseWatch Watch AppTests";
			packageProductDependencies = (
			);
			productName = "VitalSenseWatch Watch AppTests";
			productReference = 1AB1EEE32E86D2FD001D11D5 /* VitalSenseWatch Watch AppTests.xctest */;
			productType = "com.apple.product-type.bundle.unit-test";
		};
		1AB1EEEC2E86D2FE001D11D5 /* VitalSenseWatch Watch AppUITests */ = {
			isa = PBXNativeTarget;
			buildConfigurationList = 1AB1EEFF2E86D2FE001D11D5 /* Build configuration list for PBXNativeTarget "VitalSenseWatch Watch AppUITests" */;
			buildPhases = (
				1AB1EEE92E86D2FE001D11D5 /* Sources */,
				1AB1EEEA2E86D2FE001D11D5 /* Frameworks */,
				1AB1EEEB2E86D2FE001D11D5 /* Resources */,
			);
			buildRules = (
			);
			dependencies = (
				1AB1EEEF2E86D2FE001D11D5 /* PBXTargetDependency */,
			);
			fileSystemSynchronizedGroups = (
				1AB1EEF02E86D2FE001D11D5 /* VitalSenseWatch Watch AppUITests */,
			);
			name = "VitalSenseWatch Watch AppUITests";
			packageProductDependencies = (
			);
			productName = "VitalSenseWatch Watch AppUITests";
			productReference = 1AB1EEED2E86D2FE001D11D5 /* VitalSenseWatch Watch AppUITests.xctest */;
			productType = "com.apple.product-type.bundle.ui-testing";
		};
		1AB1EF122E86D713001D11D5 /* VitalSenseWidgetsExtension */ = {
			isa = PBXNativeTarget;
			buildConfigurationList = 1AB1EF2B2E86D714001D11D5 /* Build configuration list for PBXNativeTarget "VitalSenseWidgetsExtension" */;
			buildPhases = (
				1AB1EF0F2E86D713001D11D5 /* Sources */,
				1AB1EF102E86D713001D11D5 /* Frameworks */,
				1AB1EF112E86D713001D11D5 /* Resources */,
			);
			buildRules = (
			);
			dependencies = (
			);
			fileSystemSynchronizedGroups = (
				1AB1EF192E86D713001D11D5 /* VitalSenseWidgets */,
			);
			name = VitalSenseWidgetsExtension;
			packageProductDependencies = (
			);
			productName = VitalSenseWidgetsExtension;
			productReference = 1AB1EF132E86D713001D11D5 /* VitalSenseWidgetsExtension.appex */;
			productType = "com.apple.product-type.app-extension";
		};
/* End PBXNativeTarget section */

/* Begin PBXProject section */
		1A8D076A2E6497B50024A466 /* Project object */ = {
			isa = PBXProject;
			attributes = {
				BuildIndependentTargetsInParallel = 1;
				LastSwiftUpdateCheck = 2600;
				LastUpgradeCheck = 2600;
				TargetAttributes = {
					1A8D07712E6497B50024A466 = {
						CreatedOnToolsVersion = 16.4;
					};
					1A8D077E2E6497B70024A466 = {
						CreatedOnToolsVersion = 16.4;
						TestTargetID = 1A8D07712E6497B50024A466;
					};
					1A8D07882E6497B70024A466 = {
						CreatedOnToolsVersion = 16.4;
						TestTargetID = 1A8D07712E6497B50024A466;
					};
					1AB1EED62E86D2FB001D11D5 = {
						CreatedOnToolsVersion = 26.0;
					};
					1AB1EEE22E86D2FD001D11D5 = {
						CreatedOnToolsVersion = 26.0;
						TestTargetID = 1AB1EED62E86D2FB001D11D5;
					};
					1AB1EEEC2E86D2FE001D11D5 = {
						CreatedOnToolsVersion = 26.0;
						TestTargetID = 1AB1EED62E86D2FB001D11D5;
					};
					1AB1EF122E86D713001D11D5 = {
						CreatedOnToolsVersion = 26.0;
					};
				};
			};
			buildConfigurationList = 1A8D076D2E6497B50024A466 /* Build configuration list for PBXProject "VitalSense" */;
			developmentRegion = en;
			hasScannedForEncodings = 0;
			knownRegions = (
				en,
				Base,
			);
			mainGroup = 1A8D07692E6497B50024A466;
			minimizedProjectReferenceProxies = 1;
			preferredProjectObjectVersion = 77;
			productRefGroup = 1A8D07732E6497B50024A466 /* Products */;
			projectDirPath = "";
			projectRoot = "";
			targets = (
				1A8D07712E6497B50024A466 /* VitalSense */,
				1A8D077E2E6497B70024A466 /* VitalSenseTests */,
				1A8D07882E6497B70024A466 /* VitalSenseUITests */,
				1AB1EED62E86D2FB001D11D5 /* VitalSenseWatch Watch App */,
				1AB1EEE22E86D2FD001D11D5 /* VitalSenseWatch Watch AppTests */,
				1AB1EEEC2E86D2FE001D11D5 /* VitalSenseWatch Watch AppUITests */,
				1AB1EF122E86D713001D11D5 /* VitalSenseWidgetsExtension */,
			);
		};
/* End PBXProject section */

/* Begin PBXResourcesBuildPhase section */
		1A8D07702E6497B50024A466 /* Resources */ = {
			isa = PBXResourcesBuildPhase;
			buildActionMask = 2147483647;
			files = (
			);
			runOnlyForDeploymentPostprocessing = 0;
		};
		1A8D077D2E6497B70024A466 /* Resources */ = {
			isa = PBXResourcesBuildPhase;
			buildActionMask = 2147483647;
			files = (
			);
			runOnlyForDeploymentPostprocessing = 0;
		};
		1A8D07872E6497B70024A466 /* Resources */ = {
			isa = PBXResourcesBuildPhase;
			buildActionMask = 2147483647;
			files = (
			);
			runOnlyForDeploymentPostprocessing = 0;
		};
		1AB1EED52E86D2FB001D11D5 /* Resources */ = {
			isa = PBXResourcesBuildPhase;
			buildActionMask = 2147483647;
			files = (
			);
			runOnlyForDeploymentPostprocessing = 0;
		};
		1AB1EEE12E86D2FD001D11D5 /* Resources */ = {
			isa = PBXResourcesBuildPhase;
			buildActionMask = 2147483647;
			files = (
			);
			runOnlyForDeploymentPostprocessing = 0;
		};
		1AB1EEEB2E86D2FE001D11D5 /* Resources */ = {
			isa = PBXResourcesBuildPhase;
			buildActionMask = 2147483647;
			files = (
			);
			runOnlyForDeploymentPostprocessing = 0;
		};
		1AB1EF112E86D713001D11D5 /* Resources */ = {
			isa = PBXResourcesBuildPhase;
			buildActionMask = 2147483647;
			files = (
			);
			runOnlyForDeploymentPostprocessing = 0;
		};
/* End PBXResourcesBuildPhase section */

/* Begin PBXSourcesBuildPhase section */
		1A8D076E2E6497B50024A466 /* Sources */ = {
			isa = PBXSourcesBuildPhase;
			buildActionMask = 2147483647;
			files = (
			);
			runOnlyForDeploymentPostprocessing = 0;
		};
		1A8D077B2E6497B70024A466 /* Sources */ = {
			isa = PBXSourcesBuildPhase;
			buildActionMask = 2147483647;
			files = (
			);
			runOnlyForDeploymentPostprocessing = 0;
		};
		1A8D07852E6497B70024A466 /* Sources */ = {
			isa = PBXSourcesBuildPhase;
			buildActionMask = 2147483647;
			files = (
			);
			runOnlyForDeploymentPostprocessing = 0;
		};
		1AB1EED32E86D2FB001D11D5 /* Sources */ = {
			isa = PBXSourcesBuildPhase;
			buildActionMask = 2147483647;
			files = (
			);
			runOnlyForDeploymentPostprocessing = 0;
		};
		1AB1EEDF2E86D2FD001D11D5 /* Sources */ = {
			isa = PBXSourcesBuildPhase;
			buildActionMask = 2147483647;
			files = (
			);
			runOnlyForDeploymentPostprocessing = 0;
		};
		1AB1EEE92E86D2FE001D11D5 /* Sources */ = {
			isa = PBXSourcesBuildPhase;
			buildActionMask = 2147483647;
			files = (
			);
			runOnlyForDeploymentPostprocessing = 0;
		};
		1AB1EF0F2E86D713001D11D5 /* Sources */ = {
			isa = PBXSourcesBuildPhase;
			buildActionMask = 2147483647;
			files = (
			);
			runOnlyForDeploymentPostprocessing = 0;
		};
/* End PBXSourcesBuildPhase section */

/* Begin PBXTargetDependency section */
		1A8D07812E6497B70024A466 /* PBXTargetDependency */ = {
			isa = PBXTargetDependency;
			target = 1A8D07712E6497B50024A466 /* VitalSense */;
			targetProxy = 1A8D07802E6497B70024A466 /* PBXContainerItemProxy */;
		};
		1A8D078B2E6497B70024A466 /* PBXTargetDependency */ = {
			isa = PBXTargetDependency;
			target = 1A8D07712E6497B50024A466 /* VitalSense */;
			targetProxy = 1A8D078A2E6497B70024A466 /* PBXContainerItemProxy */;
		};
		1AB1EEE52E86D2FE001D11D5 /* PBXTargetDependency */ = {
			isa = PBXTargetDependency;
			target = 1AB1EED62E86D2FB001D11D5 /* VitalSenseWatch Watch App */;
			targetProxy = 1AB1EEE42E86D2FE001D11D5 /* PBXContainerItemProxy */;
		};
		1AB1EEEF2E86D2FE001D11D5 /* PBXTargetDependency */ = {
			isa = PBXTargetDependency;
			target = 1AB1EED62E86D2FB001D11D5 /* VitalSenseWatch Watch App */;
			targetProxy = 1AB1EEEE2E86D2FE001D11D5 /* PBXContainerItemProxy */;
		};
		1AB1EEF62E86D2FE001D11D5 /* PBXTargetDependency */ = {
			isa = PBXTargetDependency;
			target = 1AB1EED62E86D2FB001D11D5 /* VitalSenseWatch Watch App */;
			targetProxy = 1AB1EEF52E86D2FE001D11D5 /* PBXContainerItemProxy */;
		};
		1AB1EF282E86D714001D11D5 /* PBXTargetDependency */ = {
			isa = PBXTargetDependency;
			target = 1AB1EF122E86D713001D11D5 /* VitalSenseWidgetsExtension */;
			targetProxy = 1AB1EF272E86D714001D11D5 /* PBXContainerItemProxy */;
		};
/* End PBXTargetDependency section */

/* Begin XCBuildConfiguration section */
		1A8D07912E6497B70024A466 /* Debug */ = {
			isa = XCBuildConfiguration;
			baseConfigurationReferenceAnchor = 1A8D07742E6497B50024A466 /* VitalSense */;
			baseConfigurationReferenceRelativePath = Configuration/Development.xcconfig;
			buildSettings = {
				ALWAYS_SEARCH_USER_PATHS = NO;
				ASSETCATALOG_COMPILER_GENERATE_SWIFT_ASSET_SYMBOL_EXTENSIONS = YES;
				CLANG_ANALYZER_NONNULL = YES;
				CLANG_ANALYZER_NUMBER_OBJECT_CONVERSION = YES_AGGRESSIVE;
				CLANG_CXX_LANGUAGE_STANDARD = "gnu++20";
				CLANG_ENABLE_MODULES = YES;
				CLANG_ENABLE_OBJC_ARC = YES;
				CLANG_ENABLE_OBJC_WEAK = YES;
				CLANG_WARN_BLOCK_CAPTURE_AUTORELEASING = YES;
				CLANG_WARN_BOOL_CONVERSION = YES;
				CLANG_WARN_COMMA = YES;
				CLANG_WARN_CONSTANT_CONVERSION = YES;
				CLANG_WARN_DEPRECATED_OBJC_IMPLEMENTATIONS = YES;
				CLANG_WARN_DIRECT_OBJC_ISA_USAGE = YES_ERROR;
				CLANG_WARN_DOCUMENTATION_COMMENTS = YES;
				CLANG_WARN_EMPTY_BODY = YES;
				CLANG_WARN_ENUM_CONVERSION = YES;
				CLANG_WARN_INFINITE_RECURSION = YES;
				CLANG_WARN_INT_CONVERSION = YES;
				CLANG_WARN_NON_LITERAL_NULL_CONVERSION = YES;
				CLANG_WARN_OBJC_IMPLICIT_RETAIN_SELF = YES;
				CLANG_WARN_OBJC_LITERAL_CONVERSION = YES;
				CLANG_WARN_OBJC_ROOT_CLASS = YES_ERROR;
				CLANG_WARN_QUOTED_INCLUDE_IN_FRAMEWORK_HEADER = YES;
				CLANG_WARN_RANGE_LOOP_ANALYSIS = YES;
				CLANG_WARN_STRICT_PROTOTYPES = YES;
				CLANG_WARN_SUSPICIOUS_MOVE = YES;
				CLANG_WARN_UNGUARDED_AVAILABILITY = YES_AGGRESSIVE;
				CLANG_WARN_UNREACHABLE_CODE = YES;
				CLANG_WARN__DUPLICATE_METHOD_MATCH = YES;
				COPY_PHASE_STRIP = NO;
				DEBUG_INFORMATION_FORMAT = dwarf;
				DEVELOPMENT_TEAM = C8U3P6AJ6L;
				ENABLE_STRICT_OBJC_MSGSEND = YES;
				ENABLE_TESTABILITY = YES;
				ENABLE_USER_SCRIPT_SANDBOXING = YES;
				GCC_C_LANGUAGE_STANDARD = gnu17;
				GCC_DYNAMIC_NO_PIC = NO;
				GCC_NO_COMMON_BLOCKS = YES;
				GCC_OPTIMIZATION_LEVEL = 0;
				GCC_PREPROCESSOR_DEFINITIONS = (
					"DEBUG=1",
					"$(inherited)",
				);
				GCC_WARN_64_TO_32_BIT_CONVERSION = YES;
				GCC_WARN_ABOUT_RETURN_TYPE = YES_ERROR;
				GCC_WARN_UNDECLARED_SELECTOR = YES;
				GCC_WARN_UNINITIALIZED_AUTOS = YES_AGGRESSIVE;
				GCC_WARN_UNUSED_FUNCTION = YES;
				GCC_WARN_UNUSED_VARIABLE = YES;
				IPHONEOS_DEPLOYMENT_TARGET = 18.5;
				LOCALIZATION_PREFERS_STRING_CATALOGS = YES;
				MTL_ENABLE_DEBUG_INFO = INCLUDE_SOURCE;
				MTL_FAST_MATH = YES;
				ONLY_ACTIVE_ARCH = YES;
				SDKROOT = iphoneos;
				STRING_CATALOG_GENERATE_SYMBOLS = YES;
				SWIFT_ACTIVE_COMPILATION_CONDITIONS = "DEBUG $(inherited)";
				SWIFT_OPTIMIZATION_LEVEL = "-Onone";
			};
			name = Debug;
		};
		1A8D07922E6497B70024A466 /* Release */ = {
			isa = XCBuildConfiguration;
			baseConfigurationReferenceAnchor = 1A8D07742E6497B50024A466 /* VitalSense */;
			baseConfigurationReferenceRelativePath = Configuration/Production.xcconfig;
			buildSettings = {
				ALWAYS_SEARCH_USER_PATHS = NO;
				ASSETCATALOG_COMPILER_GENERATE_SWIFT_ASSET_SYMBOL_EXTENSIONS = YES;
				CLANG_ANALYZER_NONNULL = YES;
				CLANG_ANALYZER_NUMBER_OBJECT_CONVERSION = YES_AGGRESSIVE;
				CLANG_CXX_LANGUAGE_STANDARD = "gnu++20";
				CLANG_ENABLE_MODULES = YES;
				CLANG_ENABLE_OBJC_ARC = YES;
				CLANG_ENABLE_OBJC_WEAK = YES;
				CLANG_WARN_BLOCK_CAPTURE_AUTORELEASING = YES;
				CLANG_WARN_BOOL_CONVERSION = YES;
				CLANG_WARN_COMMA = YES;
				CLANG_WARN_CONSTANT_CONVERSION = YES;
				CLANG_WARN_DEPRECATED_OBJC_IMPLEMENTATIONS = YES;
				CLANG_WARN_DIRECT_OBJC_ISA_USAGE = YES_ERROR;
				CLANG_WARN_DOCUMENTATION_COMMENTS = YES;
				CLANG_WARN_EMPTY_BODY = YES;
				CLANG_WARN_ENUM_CONVERSION = YES;
				CLANG_WARN_INFINITE_RECURSION = YES;
				CLANG_WARN_INT_CONVERSION = YES;
				CLANG_WARN_NON_LITERAL_NULL_CONVERSION = YES;
				CLANG_WARN_OBJC_IMPLICIT_RETAIN_SELF = YES;
				CLANG_WARN_OBJC_LITERAL_CONVERSION = YES;
				CLANG_WARN_OBJC_ROOT_CLASS = YES_ERROR;
				CLANG_WARN_QUOTED_INCLUDE_IN_FRAMEWORK_HEADER = YES;
				CLANG_WARN_RANGE_LOOP_ANALYSIS = YES;
				CLANG_WARN_STRICT_PROTOTYPES = YES;
				CLANG_WARN_SUSPICIOUS_MOVE = YES;
				CLANG_WARN_UNGUARDED_AVAILABILITY = YES_AGGRESSIVE;
				CLANG_WARN_UNREACHABLE_CODE = YES;
				CLANG_WARN__DUPLICATE_METHOD_MATCH = YES;
				COPY_PHASE_STRIP = NO;
				DEBUG_INFORMATION_FORMAT = "dwarf-with-dsym";
				DEVELOPMENT_TEAM = C8U3P6AJ6L;
				ENABLE_NS_ASSERTIONS = NO;
				ENABLE_STRICT_OBJC_MSGSEND = YES;
				ENABLE_USER_SCRIPT_SANDBOXING = YES;
				GCC_C_LANGUAGE_STANDARD = gnu17;
				GCC_NO_COMMON_BLOCKS = YES;
				GCC_WARN_64_TO_32_BIT_CONVERSION = YES;
				GCC_WARN_ABOUT_RETURN_TYPE = YES_ERROR;
				GCC_WARN_UNDECLARED_SELECTOR = YES;
				GCC_WARN_UNINITIALIZED_AUTOS = YES_AGGRESSIVE;
				GCC_WARN_UNUSED_FUNCTION = YES;
				GCC_WARN_UNUSED_VARIABLE = YES;
				IPHONEOS_DEPLOYMENT_TARGET = 18.5;
				LOCALIZATION_PREFERS_STRING_CATALOGS = YES;
				MTL_ENABLE_DEBUG_INFO = NO;
				MTL_FAST_MATH = YES;
				SDKROOT = iphoneos;
				STRING_CATALOG_GENERATE_SYMBOLS = YES;
				SWIFT_COMPILATION_MODE = wholemodule;
				VALIDATE_PRODUCT = YES;
			};
			name = Release;
		};
		1A8D07942E6497B70024A466 /* Debug */ = {
			isa = XCBuildConfiguration;
			buildSettings = {
				ASSETCATALOG_COMPILER_APPICON_NAME = AppIcon;
				ASSETCATALOG_COMPILER_GLOBAL_ACCENT_COLOR_NAME = AccentColor;
				CODE_SIGN_ENTITLEMENTS = VitalSense/VitalSense.entitlements;
				CODE_SIGN_IDENTITY = "Apple Development";
				CODE_SIGN_STYLE = Automatic;
				CURRENT_PROJECT_VERSION = 1;
				DEVELOPMENT_TEAM = C8U3P6AJ6L;
				ENABLE_PREVIEWS = YES;
				GENERATE_INFOPLIST_FILE = NO;
				INFOPLIST_FILE = VitalSense/Info.plist;
				INFOPLIST_KEY_LSApplicationCategoryType = "public.app-category.healthcare-fitness";
				INFOPLIST_KEY_UIApplicationSceneManifest_Generation = YES;
				INFOPLIST_KEY_UIApplicationSupportsIndirectInputEvents = YES;
				INFOPLIST_KEY_UILaunchScreen_Generation = YES;
				INFOPLIST_KEY_UISupportedInterfaceOrientations_iPad = "UIInterfaceOrientationPortrait UIInterfaceOrientationPortraitUpsideDown UIInterfaceOrientationLandscapeLeft UIInterfaceOrientationLandscapeRight";
				INFOPLIST_KEY_UISupportedInterfaceOrientations_iPhone = "UIInterfaceOrientationPortrait UIInterfaceOrientationLandscapeLeft UIInterfaceOrientationLandscapeRight";
				LD_RUNPATH_SEARCH_PATHS = (
					"$(inherited)",
					"@executable_path/Frameworks",
				);
				MARKETING_VERSION = 1.0;
				PRODUCT_BUNDLE_IDENTIFIER = dev.andernet.VitalSense;
				PRODUCT_NAME = "$(TARGET_NAME)";
				PROVISIONING_PROFILE_SPECIFIER = "";
				SWIFT_EMIT_LOC_STRINGS = YES;
				SWIFT_VERSION = 5.0;
				TARGETED_DEVICE_FAMILY = "1,2";
			};
			name = Debug;
		};
		1A8D07952E6497B70024A466 /* Release */ = {
			isa = XCBuildConfiguration;
			buildSettings = {
				ASSETCATALOG_COMPILER_APPICON_NAME = AppIcon;
				ASSETCATALOG_COMPILER_GLOBAL_ACCENT_COLOR_NAME = AccentColor;
				CODE_SIGN_ENTITLEMENTS = VitalSense/VitalSense.entitlements;
				CODE_SIGN_IDENTITY = "Apple Development";
				CODE_SIGN_STYLE = Automatic;
				CURRENT_PROJECT_VERSION = 1;
				DEVELOPMENT_TEAM = C8U3P6AJ6L;
				ENABLE_PREVIEWS = YES;
				GENERATE_INFOPLIST_FILE = NO;
				INFOPLIST_FILE = VitalSense/Info.plist;
				INFOPLIST_KEY_LSApplicationCategoryType = "public.app-category.healthcare-fitness";
				INFOPLIST_KEY_UIApplicationSceneManifest_Generation = YES;
				INFOPLIST_KEY_UIApplicationSupportsIndirectInputEvents = YES;
				INFOPLIST_KEY_UILaunchScreen_Generation = YES;
				INFOPLIST_KEY_UISupportedInterfaceOrientations_iPad = "UIInterfaceOrientationPortrait UIInterfaceOrientationPortraitUpsideDown UIInterfaceOrientationLandscapeLeft UIInterfaceOrientationLandscapeRight";
				INFOPLIST_KEY_UISupportedInterfaceOrientations_iPhone = "UIInterfaceOrientationPortrait UIInterfaceOrientationLandscapeLeft UIInterfaceOrientationLandscapeRight";
				LD_RUNPATH_SEARCH_PATHS = (
					"$(inherited)",
					"@executable_path/Frameworks",
				);
				MARKETING_VERSION = 1.0;
				PRODUCT_BUNDLE_IDENTIFIER = dev.andernet.VitalSense;
				PRODUCT_NAME = "$(TARGET_NAME)";
				PROVISIONING_PROFILE_SPECIFIER = "";
				SWIFT_EMIT_LOC_STRINGS = YES;
				SWIFT_VERSION = 5.0;
				TARGETED_DEVICE_FAMILY = "1,2";
			};
			name = Release;
		};
		1A8D07972E6497B70024A466 /* Debug */ = {
			isa = XCBuildConfiguration;
			buildSettings = {
				BUNDLE_LOADER = "$(TEST_HOST)";
				CODE_SIGN_STYLE = Automatic;
				CURRENT_PROJECT_VERSION = 1;
				DEVELOPMENT_TEAM = C8U3P6AJ6L;
				GENERATE_INFOPLIST_FILE = YES;
				IPHONEOS_DEPLOYMENT_TARGET = 18.5;
				MARKETING_VERSION = 1.0;
				PRODUCT_BUNDLE_IDENTIFIER = dev.andernet.vitalsense.monitor.tests;
				PRODUCT_NAME = "$(TARGET_NAME)";
				SWIFT_EMIT_LOC_STRINGS = NO;
				SWIFT_VERSION = 5.0;
				TARGETED_DEVICE_FAMILY = "1,2";
				TEST_HOST = "$(BUILT_PRODUCTS_DIR)/VitalSense.app/$(BUNDLE_EXECUTABLE_FOLDER_PATH)/VitalSense";
			};
			name = Debug;
		};
		1A8D07982E6497B70024A466 /* Release */ = {
			isa = XCBuildConfiguration;
			buildSettings = {
				BUNDLE_LOADER = "$(TEST_HOST)";
				CODE_SIGN_STYLE = Automatic;
				CURRENT_PROJECT_VERSION = 1;
				DEVELOPMENT_TEAM = C8U3P6AJ6L;
				GENERATE_INFOPLIST_FILE = YES;
				IPHONEOS_DEPLOYMENT_TARGET = 18.5;
				MARKETING_VERSION = 1.0;
				PRODUCT_BUNDLE_IDENTIFIER = dev.andernet.vitalsense.monitor.tests;
				PRODUCT_NAME = "$(TARGET_NAME)";
				SWIFT_EMIT_LOC_STRINGS = NO;
				SWIFT_VERSION = 5.0;
				TARGETED_DEVICE_FAMILY = "1,2";
				TEST_HOST = "$(BUILT_PRODUCTS_DIR)/VitalSense.app/$(BUNDLE_EXECUTABLE_FOLDER_PATH)/VitalSense";
			};
			name = Release;
		};
		1A8D079A2E6497B70024A466 /* Debug */ = {
			isa = XCBuildConfiguration;
			buildSettings = {
				CODE_SIGN_STYLE = Automatic;
				CURRENT_PROJECT_VERSION = 1;
				DEVELOPMENT_TEAM = C8U3P6AJ6L;
				GENERATE_INFOPLIST_FILE = YES;
				MARKETING_VERSION = 1.0;
				PRODUCT_BUNDLE_IDENTIFIER = dev.andernet.vitalsense.monitor.uitests;
				PRODUCT_NAME = "$(TARGET_NAME)";
				SWIFT_EMIT_LOC_STRINGS = NO;
				SWIFT_VERSION = 5.0;
				TARGETED_DEVICE_FAMILY = "1,2";
				TEST_TARGET_NAME = VitalSense;
			};
			name = Debug;
		};
		1A8D079B2E6497B70024A466 /* Release */ = {
			isa = XCBuildConfiguration;
			buildSettings = {
				CODE_SIGN_STYLE = Automatic;
				CURRENT_PROJECT_VERSION = 1;
				DEVELOPMENT_TEAM = C8U3P6AJ6L;
				GENERATE_INFOPLIST_FILE = YES;
				MARKETING_VERSION = 1.0;
				PRODUCT_BUNDLE_IDENTIFIER = dev.andernet.vitalsense.monitor.uitests;
				PRODUCT_NAME = "$(TARGET_NAME)";
				SWIFT_EMIT_LOC_STRINGS = NO;
				SWIFT_VERSION = 5.0;
				TARGETED_DEVICE_FAMILY = "1,2";
				TEST_TARGET_NAME = VitalSense;
			};
			name = Release;
		};
		1AB1EEF92E86D2FE001D11D5 /* Debug */ = {
			isa = XCBuildConfiguration;
			buildSettings = {
				ASSETCATALOG_COMPILER_APPICON_NAME = AppIcon;
				ASSETCATALOG_COMPILER_GLOBAL_ACCENT_COLOR_NAME = AccentColor;
				CODE_SIGN_STYLE = Automatic;
				CURRENT_PROJECT_VERSION = 1;
				DEVELOPMENT_TEAM = C8U3P6AJ6L;
				ENABLE_PREVIEWS = YES;
				GENERATE_INFOPLIST_FILE = YES;
				INFOPLIST_KEY_CFBundleDisplayName = VitalSenseWatch;
				INFOPLIST_KEY_UISupportedInterfaceOrientations = "UIInterfaceOrientationPortrait UIInterfaceOrientationPortraitUpsideDown";
				INFOPLIST_KEY_WKCompanionAppBundleIdentifier = "";
				LD_RUNPATH_SEARCH_PATHS = (
					"$(inherited)",
					"@executable_path/Frameworks",
				);
				MARKETING_VERSION = 1.0;
				PRODUCT_BUNDLE_IDENTIFIER = dev.andernet.VitalSense.watchkitapp;
				PRODUCT_NAME = "$(TARGET_NAME)";
				SDKROOT = watchos;
				SKIP_INSTALL = YES;
				STRING_CATALOG_GENERATE_SYMBOLS = YES;
				SWIFT_APPROACHABLE_CONCURRENCY = YES;
				SWIFT_DEFAULT_ACTOR_ISOLATION = MainActor;
				SWIFT_EMIT_LOC_STRINGS = YES;
				SWIFT_UPCOMING_FEATURE_MEMBER_IMPORT_VISIBILITY = YES;
				SWIFT_VERSION = 5.0;
				TARGETED_DEVICE_FAMILY = 4;
				WATCHOS_DEPLOYMENT_TARGET = 26.0;
			};
			name = Debug;
		};
		1AB1EEFA2E86D2FE001D11D5 /* Release */ = {
			isa = XCBuildConfiguration;
			buildSettings = {
				ASSETCATALOG_COMPILER_APPICON_NAME = AppIcon;
				ASSETCATALOG_COMPILER_GLOBAL_ACCENT_COLOR_NAME = AccentColor;
				CODE_SIGN_STYLE = Automatic;
				CURRENT_PROJECT_VERSION = 1;
				DEVELOPMENT_TEAM = C8U3P6AJ6L;
				ENABLE_PREVIEWS = YES;
				GENERATE_INFOPLIST_FILE = YES;
				INFOPLIST_KEY_CFBundleDisplayName = VitalSenseWatch;
				INFOPLIST_KEY_UISupportedInterfaceOrientations = "UIInterfaceOrientationPortrait UIInterfaceOrientationPortraitUpsideDown";
				INFOPLIST_KEY_WKCompanionAppBundleIdentifier = "";
				LD_RUNPATH_SEARCH_PATHS = (
					"$(inherited)",
					"@executable_path/Frameworks",
				);
				MARKETING_VERSION = 1.0;
				PRODUCT_BUNDLE_IDENTIFIER = dev.andernet.VitalSense.watchkitapp;
				PRODUCT_NAME = "$(TARGET_NAME)";
				SDKROOT = watchos;
				SKIP_INSTALL = YES;
				STRING_CATALOG_GENERATE_SYMBOLS = YES;
				SWIFT_APPROACHABLE_CONCURRENCY = YES;
				SWIFT_DEFAULT_ACTOR_ISOLATION = MainActor;
				SWIFT_EMIT_LOC_STRINGS = YES;
				SWIFT_UPCOMING_FEATURE_MEMBER_IMPORT_VISIBILITY = YES;
				SWIFT_VERSION = 5.0;
				TARGETED_DEVICE_FAMILY = 4;
				WATCHOS_DEPLOYMENT_TARGET = 26.0;
			};
			name = Release;
		};
		1AB1EEFD2E86D2FE001D11D5 /* Debug */ = {
			isa = XCBuildConfiguration;
			buildSettings = {
				BUNDLE_LOADER = "$(TEST_HOST)";
				CODE_SIGN_STYLE = Automatic;
				CURRENT_PROJECT_VERSION = 1;
				DEVELOPMENT_TEAM = C8U3P6AJ6L;
				GENERATE_INFOPLIST_FILE = YES;
				MARKETING_VERSION = 1.0;
				PRODUCT_BUNDLE_IDENTIFIER = "com.yourcompany.VitalSenseWatch-Watch-AppTests";
				PRODUCT_NAME = "$(TARGET_NAME)";
				SDKROOT = watchos;
				STRING_CATALOG_GENERATE_SYMBOLS = NO;
				SWIFT_APPROACHABLE_CONCURRENCY = YES;
				SWIFT_EMIT_LOC_STRINGS = NO;
				SWIFT_UPCOMING_FEATURE_MEMBER_IMPORT_VISIBILITY = YES;
				SWIFT_VERSION = 5.0;
				TARGETED_DEVICE_FAMILY = 4;
				TEST_HOST = "$(BUILT_PRODUCTS_DIR)/VitalSenseWatch Watch App.app/$(BUNDLE_EXECUTABLE_FOLDER_PATH)/VitalSenseWatch Watch App";
				WATCHOS_DEPLOYMENT_TARGET = 26.0;
			};
			name = Debug;
		};
		1AB1EEFE2E86D2FE001D11D5 /* Release */ = {
			isa = XCBuildConfiguration;
			buildSettings = {
				BUNDLE_LOADER = "$(TEST_HOST)";
				CODE_SIGN_STYLE = Automatic;
				CURRENT_PROJECT_VERSION = 1;
				DEVELOPMENT_TEAM = C8U3P6AJ6L;
				GENERATE_INFOPLIST_FILE = YES;
				MARKETING_VERSION = 1.0;
				PRODUCT_BUNDLE_IDENTIFIER = "com.yourcompany.VitalSenseWatch-Watch-AppTests";
				PRODUCT_NAME = "$(TARGET_NAME)";
				SDKROOT = watchos;
				STRING_CATALOG_GENERATE_SYMBOLS = NO;
				SWIFT_APPROACHABLE_CONCURRENCY = YES;
				SWIFT_EMIT_LOC_STRINGS = NO;
				SWIFT_UPCOMING_FEATURE_MEMBER_IMPORT_VISIBILITY = YES;
				SWIFT_VERSION = 5.0;
				TARGETED_DEVICE_FAMILY = 4;
				TEST_HOST = "$(BUILT_PRODUCTS_DIR)/VitalSenseWatch Watch App.app/$(BUNDLE_EXECUTABLE_FOLDER_PATH)/VitalSenseWatch Watch App";
				WATCHOS_DEPLOYMENT_TARGET = 26.0;
			};
			name = Release;
		};
		1AB1EF002E86D2FE001D11D5 /* Debug */ = {
			isa = XCBuildConfiguration;
			buildSettings = {
				CODE_SIGN_STYLE = Automatic;
				CURRENT_PROJECT_VERSION = 1;
				DEVELOPMENT_TEAM = C8U3P6AJ6L;
				GENERATE_INFOPLIST_FILE = YES;
				MARKETING_VERSION = 1.0;
				PRODUCT_BUNDLE_IDENTIFIER = "com.yourcompany.VitalSenseWatch-Watch-AppUITests";
				PRODUCT_NAME = "$(TARGET_NAME)";
				SDKROOT = watchos;
				STRING_CATALOG_GENERATE_SYMBOLS = NO;
				SWIFT_APPROACHABLE_CONCURRENCY = YES;
				SWIFT_EMIT_LOC_STRINGS = NO;
				SWIFT_UPCOMING_FEATURE_MEMBER_IMPORT_VISIBILITY = YES;
				SWIFT_VERSION = 5.0;
				TARGETED_DEVICE_FAMILY = 4;
				TEST_TARGET_NAME = "VitalSenseWatch Watch App";
				WATCHOS_DEPLOYMENT_TARGET = 26.0;
			};
			name = Debug;
		};
		1AB1EF012E86D2FE001D11D5 /* Release */ = {
			isa = XCBuildConfiguration;
			buildSettings = {
				CODE_SIGN_STYLE = Automatic;
				CURRENT_PROJECT_VERSION = 1;
				DEVELOPMENT_TEAM = C8U3P6AJ6L;
				GENERATE_INFOPLIST_FILE = YES;
				MARKETING_VERSION = 1.0;
				PRODUCT_BUNDLE_IDENTIFIER = "com.yourcompany.VitalSenseWatch-Watch-AppUITests";
				PRODUCT_NAME = "$(TARGET_NAME)";
				SDKROOT = watchos;
				STRING_CATALOG_GENERATE_SYMBOLS = NO;
				SWIFT_APPROACHABLE_CONCURRENCY = YES;
				SWIFT_EMIT_LOC_STRINGS = NO;
				SWIFT_UPCOMING_FEATURE_MEMBER_IMPORT_VISIBILITY = YES;
				SWIFT_VERSION = 5.0;
				TARGETED_DEVICE_FAMILY = 4;
				TEST_TARGET_NAME = "VitalSenseWatch Watch App";
				WATCHOS_DEPLOYMENT_TARGET = 26.0;
			};
			name = Release;
		};
		1AB1EF2C2E86D714001D11D5 /* Debug */ = {
			isa = XCBuildConfiguration;
			buildSettings = {
				ASSETCATALOG_COMPILER_GLOBAL_ACCENT_COLOR_NAME = AccentColor;
				ASSETCATALOG_COMPILER_WIDGET_BACKGROUND_COLOR_NAME = WidgetBackground;
				CODE_SIGN_STYLE = Automatic;
				CURRENT_PROJECT_VERSION = 1;
				DEVELOPMENT_TEAM = C8U3P6AJ6L;
				GENERATE_INFOPLIST_FILE = YES;
				INFOPLIST_FILE = VitalSenseWidgets/Info.plist;
				INFOPLIST_KEY_CFBundleDisplayName = VitalSenseWidgets;
				INFOPLIST_KEY_NSHumanReadableCopyright = "";
				IPHONEOS_DEPLOYMENT_TARGET = 26.0;
				LD_RUNPATH_SEARCH_PATHS = (
					"$(inherited)",
					"@executable_path/Frameworks",
					"@executable_path/../../Frameworks",
				);
				MARKETING_VERSION = 1.0;
				PRODUCT_BUNDLE_IDENTIFIER = dev.andernet.VitalSense.widgets;
				PRODUCT_NAME = "$(TARGET_NAME)";
				SKIP_INSTALL = YES;
				STRING_CATALOG_GENERATE_SYMBOLS = YES;
				SWIFT_APPROACHABLE_CONCURRENCY = YES;
				SWIFT_EMIT_LOC_STRINGS = YES;
				SWIFT_UPCOMING_FEATURE_MEMBER_IMPORT_VISIBILITY = YES;
				SWIFT_VERSION = 5.0;
				TARGETED_DEVICE_FAMILY = "1,2";
			};
			name = Debug;
		};
		1AB1EF2D2E86D714001D11D5 /* Release */ = {
			isa = XCBuildConfiguration;
			buildSettings = {
				ASSETCATALOG_COMPILER_GLOBAL_ACCENT_COLOR_NAME = AccentColor;
				ASSETCATALOG_COMPILER_WIDGET_BACKGROUND_COLOR_NAME = WidgetBackground;
				CODE_SIGN_STYLE = Automatic;
				CURRENT_PROJECT_VERSION = 1;
				DEVELOPMENT_TEAM = C8U3P6AJ6L;
				GENERATE_INFOPLIST_FILE = YES;
				INFOPLIST_FILE = VitalSenseWidgets/Info.plist;
				INFOPLIST_KEY_CFBundleDisplayName = VitalSenseWidgets;
				INFOPLIST_KEY_NSHumanReadableCopyright = "";
				IPHONEOS_DEPLOYMENT_TARGET = 26.0;
				LD_RUNPATH_SEARCH_PATHS = (
					"$(inherited)",
					"@executable_path/Frameworks",
					"@executable_path/../../Frameworks",
				);
				MARKETING_VERSION = 1.0;
				PRODUCT_BUNDLE_IDENTIFIER = dev.andernet.VitalSense.widgets;
				PRODUCT_NAME = "$(TARGET_NAME)";
				SKIP_INSTALL = YES;
				STRING_CATALOG_GENERATE_SYMBOLS = YES;
				SWIFT_APPROACHABLE_CONCURRENCY = YES;
				SWIFT_EMIT_LOC_STRINGS = YES;
				SWIFT_UPCOMING_FEATURE_MEMBER_IMPORT_VISIBILITY = YES;
				SWIFT_VERSION = 5.0;
				TARGETED_DEVICE_FAMILY = "1,2";
			};
			name = Release;
		};
/* End XCBuildConfiguration section */

/* Begin XCConfigurationList section */
		1A8D076D2E6497B50024A466 /* Build configuration list for PBXProject "VitalSense" */ = {
			isa = XCConfigurationList;
			buildConfigurations = (
				1A8D07912E6497B70024A466 /* Debug */,
				1A8D07922E6497B70024A466 /* Release */,
			);
			defaultConfigurationIsVisible = 0;
			defaultConfigurationName = Release;
		};
		1A8D07932E6497B70024A466 /* Build configuration list for PBXNativeTarget "VitalSense" */ = {
			isa = XCConfigurationList;
			buildConfigurations = (
				1A8D07942E6497B70024A466 /* Debug */,
				1A8D07952E6497B70024A466 /* Release */,
			);
			defaultConfigurationIsVisible = 0;
			defaultConfigurationName = Release;
		};
		1A8D07962E6497B70024A466 /* Build configuration list for PBXNativeTarget "VitalSenseTests" */ = {
			isa = XCConfigurationList;
			buildConfigurations = (
				1A8D07972E6497B70024A466 /* Debug */,
				1A8D07982E6497B70024A466 /* Release */,
			);
			defaultConfigurationIsVisible = 0;
			defaultConfigurationName = Release;
		};
		1A8D07992E6497B70024A466 /* Build configuration list for PBXNativeTarget "VitalSenseUITests" */ = {
			isa = XCConfigurationList;
			buildConfigurations = (
				1A8D079A2E6497B70024A466 /* Debug */,
				1A8D079B2E6497B70024A466 /* Release */,
			);
			defaultConfigurationIsVisible = 0;
			defaultConfigurationName = Release;
		};
		1AB1EEF82E86D2FE001D11D5 /* Build configuration list for PBXNativeTarget "VitalSenseWatch Watch App" */ = {
			isa = XCConfigurationList;
			buildConfigurations = (
				1AB1EEF92E86D2FE001D11D5 /* Debug */,
				1AB1EEFA2E86D2FE001D11D5 /* Release */,
			);
			defaultConfigurationIsVisible = 0;
			defaultConfigurationName = Release;
		};
		1AB1EEFC2E86D2FE001D11D5 /* Build configuration list for PBXNativeTarget "VitalSenseWatch Watch AppTests" */ = {
			isa = XCConfigurationList;
			buildConfigurations = (
				1AB1EEFD2E86D2FE001D11D5 /* Debug */,
				1AB1EEFE2E86D2FE001D11D5 /* Release */,
			);
			defaultConfigurationIsVisible = 0;
			defaultConfigurationName = Release;
		};
		1AB1EEFF2E86D2FE001D11D5 /* Build configuration list for PBXNativeTarget "VitalSenseWatch Watch AppUITests" */ = {
			isa = XCConfigurationList;
			buildConfigurations = (
				1AB1EF002E86D2FE001D11D5 /* Debug */,
				1AB1EF012E86D2FE001D11D5 /* Release */,
			);
			defaultConfigurationIsVisible = 0;
			defaultConfigurationName = Release;
		};
		1AB1EF2B2E86D714001D11D5 /* Build configuration list for PBXNativeTarget "VitalSenseWidgetsExtension" */ = {
			isa = XCConfigurationList;
			buildConfigurations = (
				1AB1EF2C2E86D714001D11D5 /* Debug */,
				1AB1EF2D2E86D714001D11D5 /* Release */,
			);
			defaultConfigurationIsVisible = 0;
			defaultConfigurationName = Release;
		};
/* End XCConfigurationList section */
	};
	rootObject = 1A8D076A2E6497B50024A466 /* Project object */;
}
